
Microsoft Visual Studio Solution File, Format Version 12.00
# Visual Studio Version 16
VisualStudioVersion = 16.0.30104.148
MinimumVisualStudioVersion = 10.0.40219.1
Project("{9A19103F-16F7-4668-BE54-9A1E7A4F7556}") = "NiTiErp", "NiTiErp\NiTiErp.csproj", "{A7534DCF-B241-4F31-A898-225D5D742449}"
	ProjectSection(ProjectDependencies) = postProject
		{D6FCF81E-D639-4C9F-A5D8-EFBA18D5B41F} = {D6FCF81E-D639-4C9F-A5D8-EFBA18D5B41F}
		{E2456E26-E769-4387-B07F-690C3E197CF3} = {E2456E26-E769-4387-B07F-690C3E197CF3}
		{0AF0717B-D5BB-4EC5-94FF-72F22DBCF01B} = {0AF0717B-D5BB-4EC5-94FF-72F22DBCF01B}
		{8C68197E-BFED-4AED-BD41-A7CD55763799} = {8C68197E-BFED-4AED-BD41-A7CD55763799}
		{C540CEB2-3058-42EF-B0A8-7BDD0DAA3FB2} = {C540CEB2-3058-42EF-B0A8-7BDD0DAA3FB2}
	EndProjectSection
EndProject
Project("{9A19103F-16F7-4668-BE54-9A1E7A4F7556}") = "NiTiErp.Application", "NiTiErp.Application\NiTiErp.Application.csproj", "{E2456E26-E769-4387-B07F-690C3E197CF3}"
	ProjectSection(ProjectDependencies) = postProject
		{D6FCF81E-D639-4C9F-A5D8-EFBA18D5B41F} = {D6FCF81E-D639-4C9F-A5D8-EFBA18D5B41F}
		{BA30C762-46F7-463B-B559-2C23328DAD67} = {BA30C762-46F7-463B-B559-2C23328DAD67}
		{0AF0717B-D5BB-4EC5-94FF-72F22DBCF01B} = {0AF0717B-D5BB-4EC5-94FF-72F22DBCF01B}
		{C540CEB2-3058-42EF-B0A8-7BDD0DAA3FB2} = {C540CEB2-3058-42EF-B0A8-7BDD0DAA3FB2}
	EndProjectSection
EndProject
Project("{9A19103F-16F7-4668-BE54-9A1E7A4F7556}") = "NiTiErp.Data", "NiTiErp.Data\NiTiErp.Data.csproj", "{0AF0717B-D5BB-4EC5-94FF-72F22DBCF01B}"
	ProjectSection(ProjectDependencies) = postProject
		{8C68197E-BFED-4AED-BD41-A7CD55763799} = {8C68197E-BFED-4AED-BD41-A7CD55763799}
	EndProjectSection
EndProject
Project("{9A19103F-16F7-4668-BE54-9A1E7A4F7556}") = "NiTiErp.Data.EF", "NiTiErp.Data.EF\NiTiErp.Data.EF.csproj", "{D6FCF81E-D639-4C9F-A5D8-EFBA18D5B41F}"
	ProjectSection(ProjectDependencies) = postProject
		{0AF0717B-D5BB-4EC5-94FF-72F22DBCF01B} = {0AF0717B-D5BB-4EC5-94FF-72F22DBCF01B}
		{8C68197E-BFED-4AED-BD41-A7CD55763799} = {8C68197E-BFED-4AED-BD41-A7CD55763799}
		{C540CEB2-3058-42EF-B0A8-7BDD0DAA3FB2} = {C540CEB2-3058-42EF-B0A8-7BDD0DAA3FB2}
	EndProjectSection
EndProject
Project("{9A19103F-16F7-4668-BE54-9A1E7A4F7556}") = "NiTiErp.Infrastructure", "NiTiErp.Infrastructure\NiTiErp.Infrastructure.csproj", "{8C68197E-BFED-4AED-BD41-A7CD55763799}"
EndProject
Project("{9A19103F-16F7-4668-BE54-9A1E7A4F7556}") = "NiTiErp.Utilities", "NiTiErp.Utilities\NiTiErp.Utilities.csproj", "{C540CEB2-3058-42EF-B0A8-7BDD0DAA3FB2}"
EndProject
Project("{2150E333-8FDC-42A3-9474-1A3956D46DE8}") = "1 - Presentation", "1 - Presentation", "{5D68087A-0EDF-43F9-B1A3-02D324EE3FC3}"
EndProject
Project("{2150E333-8FDC-42A3-9474-1A3956D46DE8}") = "2 - Application", "2 - Application", "{B9A97666-8377-45CB-A950-E1E3AB07B147}"
EndProject
Project("{2150E333-8FDC-42A3-9474-1A3956D46DE8}") = "3 - Domain", "3 - Domain", "{84393A01-F501-4E9A-A275-BB583F444598}"
EndProject
Project("{2150E333-8FDC-42A3-9474-1A3956D46DE8}") = "4 - Infrastructure", "4 - Infrastructure", "{0C9FF5A2-ED49-4384-87C4-CB683CCE9CAA}"
EndProject
Project("{9A19103F-16F7-4668-BE54-9A1E7A4F7556}") = "NiTiErp.WebApi", "NiTiErp.WebApi\NiTiErp.WebApi.csproj", "{C451DC2D-1640-4462-9D0D-644F5C7A1916}"
	ProjectSection(ProjectDependencies) = postProject
		{D6FCF81E-D639-4C9F-A5D8-EFBA18D5B41F} = {D6FCF81E-D639-4C9F-A5D8-EFBA18D5B41F}
		{E2456E26-E769-4387-B07F-690C3E197CF3} = {E2456E26-E769-4387-B07F-690C3E197CF3}
		{BA30C762-46F7-463B-B559-2C23328DAD67} = {BA30C762-46F7-463B-B559-2C23328DAD67}
		{0AF0717B-D5BB-4EC5-94FF-72F22DBCF01B} = {0AF0717B-D5BB-4EC5-94FF-72F22DBCF01B}
		{8C68197E-BFED-4AED-BD41-A7CD55763799} = {8C68197E-BFED-4AED-BD41-A7CD55763799}
		{C540CEB2-3058-42EF-B0A8-7BDD0DAA3FB2} = {C540CEB2-3058-42EF-B0A8-7BDD0DAA3FB2}
	EndProjectSection
EndProject
Project("{9A19103F-16F7-4668-BE54-9A1E7A4F7556}") = "NiTiErp.Application.Dapper", "NiTiErp.Application.Dapper\NiTiErp.Application.Dapper.csproj", "{BA30C762-46F7-463B-B559-2C23328DAD67}"
EndProject
Project("{9A19103F-16F7-4668-BE54-9A1E7A4F7556}") = "NiTiAPI.Dapper", "NiTiAPI.Dapper\NiTiAPI.Dapper.csproj", "{A03083A8-D374-4319-8BB8-78C7E7432ECC}"
EndProject
Project("{9A19103F-16F7-4668-BE54-9A1E7A4F7556}") = "NiTiAPI.Utilities", "NiTiAPI.Utilities\NiTiAPI.Utilities.csproj", "{6497E03F-778E-43D9-8DF7-C73908A42F2F}"
EndProject
Project("{9A19103F-16F7-4668-BE54-9A1E7A4F7556}") = "NiTiAPI.WebErp", "NiTiAPI.WebErp\NiTiAPI.WebErp.csproj", "{C531BEE4-5AC3-4297-8383-92AFD6AFD151}"
EndProject
Project("{9A19103F-16F7-4668-BE54-9A1E7A4F7556}") = "NiTiAPI.Infrastructure", "NiTiAPI.Infrastructure\NiTiAPI.Infrastructure.csproj", "{4D61E42F-DAF3-4E99-BDAD-4726A82597BD}"
EndProject
Project("{9A19103F-16F7-4668-BE54-9A1E7A4F7556}") = "NiTiApp", "NiTiApp\NiTiApp.csproj", "{BF33A8EF-E684-45D6-8AAF-66B29830E00A}"
EndProject
Project("{9A19103F-16F7-4668-BE54-9A1E7A4F7556}") = "Powaco.Web", "Powaco.Web\Powaco.Web.csproj", "{23A9E763-5365-4A6F-AAAD-0E85E03CC511}"
EndProject
Global
	GlobalSection(SolutionConfigurationPlatforms) = preSolution
		Debug|Any CPU = Debug|Any CPU
		Release|Any CPU = Release|Any CPU
	EndGlobalSection
	GlobalSection(ProjectConfigurationPlatforms) = postSolution
		{A7534DCF-B241-4F31-A898-225D5D742449}.Debug|Any CPU.ActiveCfg = Debug|Any CPU
		{A7534DCF-B241-4F31-A898-225D5D742449}.Debug|Any CPU.Build.0 = Debug|Any CPU
		{A7534DCF-B241-4F31-A898-225D5D742449}.Release|Any CPU.ActiveCfg = Release|Any CPU
		{A7534DCF-B241-4F31-A898-225D5D742449}.Release|Any CPU.Build.0 = Release|Any CPU
		{E2456E26-E769-4387-B07F-690C3E197CF3}.Debug|Any CPU.ActiveCfg = Debug|Any CPU
		{E2456E26-E769-4387-B07F-690C3E197CF3}.Debug|Any CPU.Build.0 = Debug|Any CPU
		{E2456E26-E769-4387-B07F-690C3E197CF3}.Release|Any CPU.ActiveCfg = Release|Any CPU
		{E2456E26-E769-4387-B07F-690C3E197CF3}.Release|Any CPU.Build.0 = Release|Any CPU
		{0AF0717B-D5BB-4EC5-94FF-72F22DBCF01B}.Debug|Any CPU.ActiveCfg = Debug|Any CPU
		{0AF0717B-D5BB-4EC5-94FF-72F22DBCF01B}.Debug|Any CPU.Build.0 = Debug|Any CPU
		{0AF0717B-D5BB-4EC5-94FF-72F22DBCF01B}.Release|Any CPU.ActiveCfg = Release|Any CPU
		{0AF0717B-D5BB-4EC5-94FF-72F22DBCF01B}.Release|Any CPU.Build.0 = Release|Any CPU
		{D6FCF81E-D639-4C9F-A5D8-EFBA18D5B41F}.Debug|Any CPU.ActiveCfg = Debug|Any CPU
		{D6FCF81E-D639-4C9F-A5D8-EFBA18D5B41F}.Debug|Any CPU.Build.0 = Debug|Any CPU
		{D6FCF81E-D639-4C9F-A5D8-EFBA18D5B41F}.Release|Any CPU.ActiveCfg = Release|Any CPU
		{D6FCF81E-D639-4C9F-A5D8-EFBA18D5B41F}.Release|Any CPU.Build.0 = Release|Any CPU
		{8C68197E-BFED-4AED-BD41-A7CD55763799}.Debug|Any CPU.ActiveCfg = Debug|Any CPU
		{8C68197E-BFED-4AED-BD41-A7CD55763799}.Debug|Any CPU.Build.0 = Debug|Any CPU
		{8C68197E-BFED-4AED-BD41-A7CD55763799}.Release|Any CPU.ActiveCfg = Release|Any CPU
		{8C68197E-BFED-4AED-BD41-A7CD55763799}.Release|Any CPU.Build.0 = Release|Any CPU
		{C540CEB2-3058-42EF-B0A8-7BDD0DAA3FB2}.Debug|Any CPU.ActiveCfg = Debug|Any CPU
		{C540CEB2-3058-42EF-B0A8-7BDD0DAA3FB2}.Debug|Any CPU.Build.0 = Debug|Any CPU
		{C540CEB2-3058-42EF-B0A8-7BDD0DAA3FB2}.Release|Any CPU.ActiveCfg = Release|Any CPU
		{C540CEB2-3058-42EF-B0A8-7BDD0DAA3FB2}.Release|Any CPU.Build.0 = Release|Any CPU
		{C451DC2D-1640-4462-9D0D-644F5C7A1916}.Debug|Any CPU.ActiveCfg = Debug|Any CPU
		{C451DC2D-1640-4462-9D0D-644F5C7A1916}.Debug|Any CPU.Build.0 = Debug|Any CPU
		{C451DC2D-1640-4462-9D0D-644F5C7A1916}.Release|Any CPU.ActiveCfg = Release|Any CPU
		{C451DC2D-1640-4462-9D0D-644F5C7A1916}.Release|Any CPU.Build.0 = Release|Any CPU
		{BA30C762-46F7-463B-B559-2C23328DAD67}.Debug|Any CPU.ActiveCfg = Debug|Any CPU
		{BA30C762-46F7-463B-B559-2C23328DAD67}.Debug|Any CPU.Build.0 = Debug|Any CPU
		{BA30C762-46F7-463B-B559-2C23328DAD67}.Release|Any CPU.ActiveCfg = Release|Any CPU
		{BA30C762-46F7-463B-B559-2C23328DAD67}.Release|Any CPU.Build.0 = Release|Any CPU
		{A03083A8-D374-4319-8BB8-78C7E7432ECC}.Debug|Any CPU.ActiveCfg = Debug|Any CPU
		{A03083A8-D374-4319-8BB8-78C7E7432ECC}.Debug|Any CPU.Build.0 = Debug|Any CPU
		{A03083A8-D374-4319-8BB8-78C7E7432ECC}.Release|Any CPU.ActiveCfg = Release|Any CPU
		{A03083A8-D374-4319-8BB8-78C7E7432ECC}.Release|Any CPU.Build.0 = Release|Any CPU
		{6497E03F-778E-43D9-8DF7-C73908A42F2F}.Debug|Any CPU.ActiveCfg = Debug|Any CPU
		{6497E03F-778E-43D9-8DF7-C73908A42F2F}.Debug|Any CPU.Build.0 = Debug|Any CPU
		{6497E03F-778E-43D9-8DF7-C73908A42F2F}.Release|Any CPU.ActiveCfg = Release|Any CPU
		{6497E03F-778E-43D9-8DF7-C73908A42F2F}.Release|Any CPU.Build.0 = Release|Any CPU
		{C531BEE4-5AC3-4297-8383-92AFD6AFD151}.Debug|Any CPU.ActiveCfg = Debug|Any CPU
		{C531BEE4-5AC3-4297-8383-92AFD6AFD151}.Debug|Any CPU.Build.0 = Debug|Any CPU
		{C531BEE4-5AC3-4297-8383-92AFD6AFD151}.Release|Any CPU.ActiveCfg = Release|Any CPU
		{C531BEE4-5AC3-4297-8383-92AFD6AFD151}.Release|Any CPU.Build.0 = Release|Any CPU
		{4D61E42F-DAF3-4E99-BDAD-4726A82597BD}.Debug|Any CPU.ActiveCfg = Debug|Any CPU
		{4D61E42F-DAF3-4E99-BDAD-4726A82597BD}.Debug|Any CPU.Build.0 = Debug|Any CPU
		{4D61E42F-DAF3-4E99-BDAD-4726A82597BD}.Release|Any CPU.ActiveCfg = Release|Any CPU
		{4D61E42F-DAF3-4E99-BDAD-4726A82597BD}.Release|Any CPU.Build.0 = Release|Any CPU
		{BF33A8EF-E684-45D6-8AAF-66B29830E00A}.Debug|Any CPU.ActiveCfg = Debug|Any CPU
		{BF33A8EF-E684-45D6-8AAF-66B29830E00A}.Debug|Any CPU.Build.0 = Debug|Any CPU
		{BF33A8EF-E684-45D6-8AAF-66B29830E00A}.Release|Any CPU.ActiveCfg = Release|Any CPU
		{BF33A8EF-E684-45D6-8AAF-66B29830E00A}.Release|Any CPU.Build.0 = Release|Any CPU
		{23A9E763-5365-4A6F-AAAD-0E85E03CC511}.Debug|Any CPU.ActiveCfg = Debug|Any CPU
		{23A9E763-5365-4A6F-AAAD-0E85E03CC511}.Debug|Any CPU.Build.0 = Debug|Any CPU
		{23A9E763-5365-4A6F-AAAD-0E85E03CC511}.Release|Any CPU.ActiveCfg = Release|Any CPU
		{23A9E763-5365-4A6F-AAAD-0E85E03CC511}.Release|Any CPU.Build.0 = Release|Any CPU
	EndGlobalSection
	GlobalSection(SolutionProperties) = preSolution
		HideSolutionNode = FALSE
	EndGlobalSection
	GlobalSection(NestedProjects) = preSolution
		{A7534DCF-B241-4F31-A898-225D5D742449} = {5D68087A-0EDF-43F9-B1A3-02D324EE3FC3}
		{E2456E26-E769-4387-B07F-690C3E197CF3} = {B9A97666-8377-45CB-A950-E1E3AB07B147}
		{0AF0717B-D5BB-4EC5-94FF-72F22DBCF01B} = {84393A01-F501-4E9A-A275-BB583F444598}
		{D6FCF81E-D639-4C9F-A5D8-EFBA18D5B41F} = {84393A01-F501-4E9A-A275-BB583F444598}
		{8C68197E-BFED-4AED-BD41-A7CD55763799} = {0C9FF5A2-ED49-4384-87C4-CB683CCE9CAA}
		{C540CEB2-3058-42EF-B0A8-7BDD0DAA3FB2} = {0C9FF5A2-ED49-4384-87C4-CB683CCE9CAA}
		{C451DC2D-1640-4462-9D0D-644F5C7A1916} = {5D68087A-0EDF-43F9-B1A3-02D324EE3FC3}
		{BA30C762-46F7-463B-B559-2C23328DAD67} = {B9A97666-8377-45CB-A950-E1E3AB07B147}
		{A03083A8-D374-4319-8BB8-78C7E7432ECC} = {B9A97666-8377-45CB-A950-E1E3AB07B147}
		{6497E03F-778E-43D9-8DF7-C73908A42F2F} = {0C9FF5A2-ED49-4384-87C4-CB683CCE9CAA}
		{C531BEE4-5AC3-4297-8383-92AFD6AFD151} = {5D68087A-0EDF-43F9-B1A3-02D324EE3FC3}
		{4D61E42F-DAF3-4E99-BDAD-4726A82597BD} = {0C9FF5A2-ED49-4384-87C4-CB683CCE9CAA}
		{BF33A8EF-E684-45D6-8AAF-66B29830E00A} = {5D68087A-0EDF-43F9-B1A3-02D324EE3FC3}
		{23A9E763-5365-4A6F-AAAD-0E85E03CC511} = {5D68087A-0EDF-43F9-B1A3-02D324EE3FC3}
	EndGlobalSection
	GlobalSection(ExtensibilityGlobals) = postSolution
		SolutionGuid = {B330B1D3-E537-4DE2-92E3-AFF4FCFB5559}
	EndGlobalSection
EndGlobal
